<Solution>
  <Project Path="Banka/Banka.csproj" Id="1b7d8a2b-f11f-4670-9321-c578e05007b1" />
  <Project Path="Intro/Intro.csproj" Id="38a10dbf-5b98-4445-8d44-90e6e23b9046" />
  <Project Path="Loops/Loops.csproj" Id="036b47b2-0876-43a2-b1aa-70c697574aea" />
  <Project Path="Züccaciye/Züccaciye.csproj" Id="0e584541-af27-4c18-8c79-784e01613dda" />
</Solution>
