<Solution>
  <Project Path="ADONET-PROC/ADONET-PROC.csproj" Id="7aecd453-6932-4edd-9eb8-b473f99888e7" />
  <Project Path="Arrays/Arrays.csproj" Id="92184c5e-2a22-47a0-8169-ad2ee17ff788" />
  <Project Path="Banka/Banka.csproj" Id="1b7d8a2b-f11f-4670-9321-c578e05007b1" />
  <Project Path="ComboBox/ComboBox.csproj" Id="2f0ccbb9-e655-4e6f-9e1b-6d03b041ca73" />
  <Project Path="DbAppADONET/DbAppADONET.csproj" Id="6cc80935-1f7a-4e5b-8934-6ea3ccd164f8" />
  <Project Path="EntityFrameworkDBFirst/EntityFrameworkDBFirst.csproj" Id="fd178d6a-bf1a-4e6e-b024-301cfe9a84ac" />
  <Project Path="Forms_Intro/Forms_Intro.csproj" Id="ae276681-2174-4d04-a960-b64aa796faa2" />
  <Project Path="Functions/Functions.csproj" Id="b70454b3-2a67-4887-b491-90cd00e80acd" />
  <Project Path="Loops/Loops.csproj" Id="036b47b2-0876-43a2-b1aa-70c697574aea" />
  <Project Path="ModelFirst/ModelFirst.csproj" Id="7ef4e866-1b5a-4230-ba27-c50936900895" />
  <Project Path="MyMiniConsoleRestaurant/MyMiniConsoleRestaurant.csproj" Id="017aac0d-d8fb-4334-9057-5af4e5e91f0a" />
  <Project Path="NejCafe/NejCafe.csproj" Id="77b1d1cb-3467-43d1-95cf-26c1af957908" />
  <Project Path="NewFormProject/GroupBox.csproj" Id="ef9e6a34-8e2a-4b69-a400-d18630bee9fe" />
  <Project Path="OOP/OOP.csproj" Id="84eadfa9-26b3-4096-a588-87a0408f4aac" />
  <Project Path="OOP2/OOP2.csproj" Id="8a5eb3f5-d3b9-4ed0-8922-b2551d05c51b" />
  <Project Path="Züccaciye/Züccaciye.csproj" Id="0e584541-af27-4c18-8c79-784e01613dda" />
</Solution>
